
Microsoft Visual Studio Solution File, Format Version 12.00
# Visual Studio 14
VisualStudioVersion = 14.0.25420.1
MinimumVisualStudioVersion = 10.0.40219.1
Project("{FAE04EC0-301F-11D3-BF4B-00C04F79EFBC}") = "Network Utilties", "Network Utilties.csproj", "{B63A5B0F-1AA1-4E5E-ADAA-EA50AB3D97DF}"
EndProject
Global
	GlobalSection(SolutionConfigurationPlatforms) = preSolution
		Debug|Any CPU = Debug|Any CPU
		Release|Any CPU = Release|Any CPU
	EndGlobalSection
	GlobalSection(ProjectConfigurationPlatforms) = postSolution
		{B63A5B0F-1AA1-4E5E-ADAA-EA50AB3D97DF}.Debug|Any CPU.ActiveCfg = Debug|Any CPU
		{B63A5B0F-1AA1-4E5E-ADAA-EA50AB3D97DF}.Debug|Any CPU.Build.0 = Debug|Any CPU
		{B63A5B0F-1AA1-4E5E-ADAA-EA50AB3D97DF}.Release|Any CPU.ActiveCfg = Release|Any CPU
		{B63A5B0F-1AA1-4E5E-ADAA-EA50AB3D97DF}.Release|Any CPU.Build.0 = Release|Any CPU
	EndGlobalSection
	GlobalSection(SolutionProperties) = preSolution
		HideSolutionNode = FALSE
	EndGlobalSection
EndGlobal
